
Microsoft Visual Studio Solution File, Format Version 12.00
# Visual Studio Version 16
VisualStudioVersion = 16.0.31025.194
MinimumVisualStudioVersion = 10.0.40219.1
Project("{FAE04EC0-301F-11D3-BF4B-00C04F79EFBC}") = "YUBAY_Drone", "YUBAY_Drone.csproj", "{BE4EC869-D4E6-4D27-B70E-5D9015E7D3CF}"
EndProject
Global
	GlobalSection(SolutionConfigurationPlatforms) = preSolution
		Debug|Any CPU = Debug|Any CPU
		Release|Any CPU = Release|Any CPU
	EndGlobalSection
	GlobalSection(ProjectConfigurationPlatforms) = postSolution
		{BE4EC869-D4E6-4D27-B70E-5D9015E7D3CF}.Debug|Any CPU.ActiveCfg = Debug|Any CPU
		{BE4EC869-D4E6-4D27-B70E-5D9015E7D3CF}.Debug|Any CPU.Build.0 = Debug|Any CPU
		{BE4EC869-D4E6-4D27-B70E-5D9015E7D3CF}.Release|Any CPU.ActiveCfg = Release|Any CPU
		{BE4EC869-D4E6-4D27-B70E-5D9015E7D3CF}.Release|Any CPU.Build.0 = Release|Any CPU
	EndGlobalSection
	GlobalSection(SolutionProperties) = preSolution
		HideSolutionNode = FALSE
	EndGlobalSection
	GlobalSection(ExtensibilityGlobals) = postSolution
		SolutionGuid = {28B4F29F-4CBD-4597-BF39-918BE773E3C7}
	EndGlobalSection
EndGlobal
